Microsoft Visual Studio Solution File, Format Version 12.00
# Visual Studio Version 17
VisualStudioVersion = 17.5.2.0
MinimumVisualStudioVersion = 10.0.40219.1
Project("{FAE04EC0-301F-11D3-BF4B-00C04F79EFBC}") = "OnTime.API", "OnTime.API\OnTime.API.csproj", "{F84D1C76-F20C-ACDA-6491-28C757477370}"
EndProject
Global
	GlobalSection(SolutionConfigurationPlatforms) = preSolution
		Debug|Any CPU = Debug|Any CPU
		Release|Any CPU = Release|Any CPU
	EndGlobalSection
	GlobalSection(ProjectConfigurationPlatforms) = postSolution
		{F84D1C76-F20C-ACDA-6491-28C757477370}.Debug|Any CPU.ActiveCfg = Debug|Any CPU
		{F84D1C76-F20C-ACDA-6491-28C757477370}.Debug|Any CPU.Build.0 = Debug|Any CPU
		{F84D1C76-F20C-ACDA-6491-28C757477370}.Release|Any CPU.ActiveCfg = Release|Any CPU
		{F84D1C76-F20C-ACDA-6491-28C757477370}.Release|Any CPU.Build.0 = Release|Any CPU
	EndGlobalSection
	GlobalSection(SolutionProperties) = preSolution
		HideSolutionNode = FALSE
	EndGlobalSection
	GlobalSection(ExtensibilityGlobals) = postSolution
		SolutionGuid = {BFB68AC5-5466-4A17-9864-F5A8A09918D7}
	EndGlobalSection
EndGlobal
